
Microsoft Visual Studio Solution File, Format Version 12.00
# Visual Studio 14
VisualStudioVersion = 14.0.23107.0
MinimumVisualStudioVersion = 10.0.40219.1
Project("{FAE04EC0-301F-11D3-BF4B-00C04F79EFBC}") = "Classwork_part_2", "Classwork_part_2\Classwork_part_2.csproj", "{B25E1ECD-C4AF-4DE8-A49A-23C8B113FFEA}"
EndProject
Global
	GlobalSection(SolutionConfigurationPlatforms) = preSolution
		Debug|Any CPU = Debug|Any CPU
		Release|Any CPU = Release|Any CPU
	EndGlobalSection
	GlobalSection(ProjectConfigurationPlatforms) = postSolution
		{B25E1ECD-C4AF-4DE8-A49A-23C8B113FFEA}.Debug|Any CPU.ActiveCfg = Debug|Any CPU
		{B25E1ECD-C4AF-4DE8-A49A-23C8B113FFEA}.Debug|Any CPU.Build.0 = Debug|Any CPU
		{B25E1ECD-C4AF-4DE8-A49A-23C8B113FFEA}.Release|Any CPU.ActiveCfg = Release|Any CPU
		{B25E1ECD-C4AF-4DE8-A49A-23C8B113FFEA}.Release|Any CPU.Build.0 = Release|Any CPU
	EndGlobalSection
	GlobalSection(SolutionProperties) = preSolution
		HideSolutionNode = FALSE
	EndGlobalSection
EndGlobal
